
Microsoft Visual Studio Solution File, Format Version 12.00
# Visual Studio 15
VisualStudioVersion = 15.0.27428.2027
MinimumVisualStudioVersion = 10.0.40219.1
Project("{F2A71F9B-5D33-465A-A702-920D77279786}") = "ConsoleApplication1", "ConsoleApplication1\ConsoleApplication1.fsproj", "{F7EA6566-BF81-4568-AB7B-28F1A0E33D68}"
EndProject
Project("{FAE04EC0-301F-11D3-BF4B-00C04F79EFBC}") = "ClassLibrary1", "ClassLibrary1\ClassLibrary1.csproj", "{60A511F5-82D9-407B-B486-033314208C74}"
EndProject
Global
	GlobalSection(SolutionConfigurationPlatforms) = preSolution
		Debug|Any CPU = Debug|Any CPU
		Release|Any CPU = Release|Any CPU
	EndGlobalSection
	GlobalSection(ProjectConfigurationPlatforms) = postSolution
		{F7EA6566-BF81-4568-AB7B-28F1A0E33D68}.Debug|Any CPU.ActiveCfg = Debug|Any CPU
		{F7EA6566-BF81-4568-AB7B-28F1A0E33D68}.Debug|Any CPU.Build.0 = Debug|Any CPU
		{F7EA6566-BF81-4568-AB7B-28F1A0E33D68}.Release|Any CPU.ActiveCfg = Release|Any CPU
		{F7EA6566-BF81-4568-AB7B-28F1A0E33D68}.Release|Any CPU.Build.0 = Release|Any CPU
		{60A511F5-82D9-407B-B486-033314208C74}.Debug|Any CPU.ActiveCfg = Debug|Any CPU
		{60A511F5-82D9-407B-B486-033314208C74}.Debug|Any CPU.Build.0 = Debug|Any CPU
		{60A511F5-82D9-407B-B486-033314208C74}.Release|Any CPU.ActiveCfg = Release|Any CPU
		{60A511F5-82D9-407B-B486-033314208C74}.Release|Any CPU.Build.0 = Release|Any CPU
	EndGlobalSection
	GlobalSection(SolutionProperties) = preSolution
		HideSolutionNode = FALSE
	EndGlobalSection
	GlobalSection(ExtensibilityGlobals) = postSolution
		SolutionGuid = {FA56FFB9-9402-48E4-8901-6023F91EFDA3}
	EndGlobalSection
EndGlobal
